
Microsoft Visual Studio Solution File, Format Version 12.00
# Visual Studio Version 17
VisualStudioVersion = 17.4.33122.133
MinimumVisualStudioVersion = 10.0.40219.1
Project("{FAE04EC0-301F-11D3-BF4B-00C04F79EFBC}") = "FightClub.Server", "FightClub.Server\FightClub.Server.csproj", "{F1BAE164-6E2F-4C43-B5EC-46924CC2A363}"
EndProject
Project("{FAE04EC0-301F-11D3-BF4B-00C04F79EFBC}") = "FightClub.Dto", "FightClub.Dto\FightClub.Dto.csproj", "{7080DAEF-BDEE-49A3-99CE-FBB37D84DFFB}"
EndProject
Project("{FAE04EC0-301F-11D3-BF4B-00C04F79EFBC}") = "FightClub.HttpClient", "FightClub.HttpClient\FightClub.HttpClient.csproj", "{12AA95B7-7E07-49FD-8C63-80B3EBDD14B3}"
EndProject
Global
	GlobalSection(SolutionConfigurationPlatforms) = preSolution
		Debug|Any CPU = Debug|Any CPU
		Release|Any CPU = Release|Any CPU
	EndGlobalSection
	GlobalSection(ProjectConfigurationPlatforms) = postSolution
		{F1BAE164-6E2F-4C43-B5EC-46924CC2A363}.Debug|Any CPU.ActiveCfg = Debug|Any CPU
		{F1BAE164-6E2F-4C43-B5EC-46924CC2A363}.Debug|Any CPU.Build.0 = Debug|Any CPU
		{F1BAE164-6E2F-4C43-B5EC-46924CC2A363}.Release|Any CPU.ActiveCfg = Release|Any CPU
		{F1BAE164-6E2F-4C43-B5EC-46924CC2A363}.Release|Any CPU.Build.0 = Release|Any CPU
		{7080DAEF-BDEE-49A3-99CE-FBB37D84DFFB}.Debug|Any CPU.ActiveCfg = Debug|Any CPU
		{7080DAEF-BDEE-49A3-99CE-FBB37D84DFFB}.Debug|Any CPU.Build.0 = Debug|Any CPU
		{7080DAEF-BDEE-49A3-99CE-FBB37D84DFFB}.Release|Any CPU.ActiveCfg = Release|Any CPU
		{7080DAEF-BDEE-49A3-99CE-FBB37D84DFFB}.Release|Any CPU.Build.0 = Release|Any CPU
		{12AA95B7-7E07-49FD-8C63-80B3EBDD14B3}.Debug|Any CPU.ActiveCfg = Debug|Any CPU
		{12AA95B7-7E07-49FD-8C63-80B3EBDD14B3}.Debug|Any CPU.Build.0 = Debug|Any CPU
		{12AA95B7-7E07-49FD-8C63-80B3EBDD14B3}.Release|Any CPU.ActiveCfg = Release|Any CPU
		{12AA95B7-7E07-49FD-8C63-80B3EBDD14B3}.Release|Any CPU.Build.0 = Release|Any CPU
	EndGlobalSection
	GlobalSection(SolutionProperties) = preSolution
		HideSolutionNode = FALSE
	EndGlobalSection
	GlobalSection(ExtensibilityGlobals) = postSolution
		SolutionGuid = {5B3621DB-E605-46B7-B65B-06237A6843F7}
	EndGlobalSection
EndGlobal
